
Microsoft Visual Studio Solution File, Format Version 12.00
# Visual Studio Version 17
VisualStudioVersion = 17.7.34024.191
MinimumVisualStudioVersion = 10.0.40219.1
Project("{FAE04EC0-301F-11D3-BF4B-00C04F79EFBC}") = "Transactions_TEST", "Transactions_TEST\Transactions_TEST.csproj", "{DE50EC5D-3B7E-4892-878E-3C565E4B5AB2}"
EndProject
Project("{00D1A9C2-B5F0-4AF3-8072-F6C62B433612}") = "TransactionDB", "TransactionDB\TransactionDB.sqlproj", "{80E2BD16-8F90-4989-885E-9A91794C58AF}"
EndProject
Project("{FAE04EC0-301F-11D3-BF4B-00C04F79EFBC}") = "DBDataAccess", "DBDataAccess\DBDataAccess.csproj", "{FC5DB716-8EC6-4F0E-8AE0-FD8AA0735721}"
EndProject
Global
	GlobalSection(SolutionConfigurationPlatforms) = preSolution
		Debug|Any CPU = Debug|Any CPU
		Release|Any CPU = Release|Any CPU
	EndGlobalSection
	GlobalSection(ProjectConfigurationPlatforms) = postSolution
		{DE50EC5D-3B7E-4892-878E-3C565E4B5AB2}.Debug|Any CPU.ActiveCfg = Debug|Any CPU
		{DE50EC5D-3B7E-4892-878E-3C565E4B5AB2}.Debug|Any CPU.Build.0 = Debug|Any CPU
		{DE50EC5D-3B7E-4892-878E-3C565E4B5AB2}.Release|Any CPU.ActiveCfg = Release|Any CPU
		{DE50EC5D-3B7E-4892-878E-3C565E4B5AB2}.Release|Any CPU.Build.0 = Release|Any CPU
		{80E2BD16-8F90-4989-885E-9A91794C58AF}.Debug|Any CPU.ActiveCfg = Debug|Any CPU
		{80E2BD16-8F90-4989-885E-9A91794C58AF}.Debug|Any CPU.Build.0 = Debug|Any CPU
		{80E2BD16-8F90-4989-885E-9A91794C58AF}.Debug|Any CPU.Deploy.0 = Debug|Any CPU
		{80E2BD16-8F90-4989-885E-9A91794C58AF}.Release|Any CPU.ActiveCfg = Release|Any CPU
		{80E2BD16-8F90-4989-885E-9A91794C58AF}.Release|Any CPU.Build.0 = Release|Any CPU
		{80E2BD16-8F90-4989-885E-9A91794C58AF}.Release|Any CPU.Deploy.0 = Release|Any CPU
		{FC5DB716-8EC6-4F0E-8AE0-FD8AA0735721}.Debug|Any CPU.ActiveCfg = Debug|Any CPU
		{FC5DB716-8EC6-4F0E-8AE0-FD8AA0735721}.Debug|Any CPU.Build.0 = Debug|Any CPU
		{FC5DB716-8EC6-4F0E-8AE0-FD8AA0735721}.Release|Any CPU.ActiveCfg = Release|Any CPU
		{FC5DB716-8EC6-4F0E-8AE0-FD8AA0735721}.Release|Any CPU.Build.0 = Release|Any CPU
	EndGlobalSection
	GlobalSection(SolutionProperties) = preSolution
		HideSolutionNode = FALSE
	EndGlobalSection
	GlobalSection(ExtensibilityGlobals) = postSolution
		SolutionGuid = {BC001AC4-523D-4DF7-BABF-EAD1680A40A3}
	EndGlobalSection
EndGlobal
